
Microsoft Visual Studio Solution File, Format Version 12.00
# Visual Studio Version 17
VisualStudioVersion = 17.0.31903.59
MinimumVisualStudioVersion = 10.0.40219.1
Project("{FAE04EC0-301F-11D3-BF4B-00C04F79EFBC}") = "IntuneBulkEditor", "IntuneBulkEditor\IntuneBulkEditor.csproj", "{8B8B1DE5-31FA-4A9D-895E-9666641ED875}"
EndProject
Project("{FAE04EC0-301F-11D3-BF4B-00C04F79EFBC}") = "IntuneBulkEditor.Contracts", "IntuneBulkEditor.Contracts\IntuneBulkEditor.Contracts.csproj", "{707D2909-B923-42FB-AC3B-DAA67DCBA59A}"
EndProject
Global
	GlobalSection(SolutionConfigurationPlatforms) = preSolution
		Debug|Any CPU = Debug|Any CPU
		Release|Any CPU = Release|Any CPU
	EndGlobalSection
	GlobalSection(SolutionProperties) = preSolution
		HideSolutionNode = FALSE
	EndGlobalSection
	GlobalSection(ProjectConfigurationPlatforms) = postSolution
		{8B8B1DE5-31FA-4A9D-895E-9666641ED875}.Debug|Any CPU.ActiveCfg = Debug|Any CPU
		{8B8B1DE5-31FA-4A9D-895E-9666641ED875}.Debug|Any CPU.Build.0 = Debug|Any CPU
		{8B8B1DE5-31FA-4A9D-895E-9666641ED875}.Release|Any CPU.ActiveCfg = Release|Any CPU
		{8B8B1DE5-31FA-4A9D-895E-9666641ED875}.Release|Any CPU.Build.0 = Release|Any CPU
		{707D2909-B923-42FB-AC3B-DAA67DCBA59A}.Debug|Any CPU.ActiveCfg = Debug|Any CPU
		{707D2909-B923-42FB-AC3B-DAA67DCBA59A}.Debug|Any CPU.Build.0 = Debug|Any CPU
		{707D2909-B923-42FB-AC3B-DAA67DCBA59A}.Release|Any CPU.ActiveCfg = Release|Any CPU
		{707D2909-B923-42FB-AC3B-DAA67DCBA59A}.Release|Any CPU.Build.0 = Release|Any CPU
	EndGlobalSection
EndGlobal
